// !$*UTF8*$!
{
	archiveVersion = 1;
	classes = {
	};
	objectVersion = 50;
	objects = {

/* Begin PBXBuildFile section */
		0ACA5C07C841AC8EB1829A0B /* Pods_fengNplServer.framework in Frameworks */ = {isa = PBXBuildFile; fileRef = 4493EBBE65A509BC66D13B51 /* Pods_fengNplServer.framework */; };
		6285C78721E5E5EF00A05CA7 /* processmessagefilter.mlmodel in Sources */ = {isa = PBXBuildFile; fileRef = 6285C78621E5E5EF00A05CA7 /* processmessagefilter.mlmodel */; };
		62BE85D921E59ECC00667BC5 /* AppDelegate.swift in Sources */ = {isa = PBXBuildFile; fileRef = 62BE85D821E59ECC00667BC5 /* AppDelegate.swift */; };
		62BE85DB21E59ECC00667BC5 /* ViewController.swift in Sources */ = {isa = PBXBuildFile; fileRef = 62BE85DA21E59ECC00667BC5 /* ViewController.swift */; };
		62BE85DD21E59ECC00667BC5 /* Assets.xcassets in Resources */ = {isa = PBXBuildFile; fileRef = 62BE85DC21E59ECC00667BC5 /* Assets.xcassets */; };
		62BE85E021E59ECC00667BC5 /* Main.storyboard in Resources */ = {isa = PBXBuildFile; fileRef = 62BE85DE21E59ECC00667BC5 /* Main.storyboard */; };
/* End PBXBuildFile section */

/* Begin PBXCopyFilesBuildPhase section */
		62BE85F821E59F8700667BC5 /* Embed App Extensions */ = {
			isa = PBXCopyFilesBuildPhase;
			buildActionMask = 2147483647;
			dstPath = "";
			dstSubfolderSpec = 13;
			files = (
			);
			name = "Embed App Extensions";
			runOnlyForDeploymentPostprocessing = 0;
		};
/* End PBXCopyFilesBuildPhase section */

/* Begin PBXFileReference section */
		4493EBBE65A509BC66D13B51 /* Pods_fengNplServer.framework */ = {isa = PBXFileReference; explicitFileType = wrapper.framework; includeInIndex = 0; path = Pods_fengNplServer.framework; sourceTree = BUILT_PRODUCTS_DIR; };
		6285C78621E5E5EF00A05CA7 /* processmessagefilter.mlmodel */ = {isa = PBXFileReference; lastKnownFileType = file.mlmodel; path = processmessagefilter.mlmodel; sourceTree = "<group>"; };
		62BE85D521E59ECC00667BC5 /* fengNplServer.app */ = {isa = PBXFileReference; explicitFileType = wrapper.application; includeInIndex = 0; path = fengNplServer.app; sourceTree = BUILT_PRODUCTS_DIR; };
		62BE85D821E59ECC00667BC5 /* AppDelegate.swift */ = {isa = PBXFileReference; lastKnownFileType = sourcecode.swift; path = AppDelegate.swift; sourceTree = "<group>"; };
		62BE85DA21E59ECC00667BC5 /* ViewController.swift */ = {isa = PBXFileReference; lastKnownFileType = sourcecode.swift; path = ViewController.swift; sourceTree = "<group>"; };
		62BE85DC21E59ECC00667BC5 /* Assets.xcassets */ = {isa = PBXFileReference; lastKnownFileType = folder.assetcatalog; path = Assets.xcassets; sourceTree = "<group>"; };
		62BE85DF21E59ECC00667BC5 /* Base */ = {isa = PBXFileReference; lastKnownFileType = file.storyboard; name = Base; path = Base.lproj/Main.storyboard; sourceTree = "<group>"; };
		62BE85E121E59ECC00667BC5 /* Info.plist */ = {isa = PBXFileReference; lastKnownFileType = text.plist.xml; path = Info.plist; sourceTree = "<group>"; };
		62BE85E221E59ECC00667BC5 /* fengNplServer.entitlements */ = {isa = PBXFileReference; lastKnownFileType = text.plist.entitlements; path = fengNplServer.entitlements; sourceTree = "<group>"; };
		6875D5AF63CCA1095DAB8542 /* Pods-fengNplServer.debug.xcconfig */ = {isa = PBXFileReference; includeInIndex = 1; lastKnownFileType = text.xcconfig; name = "Pods-fengNplServer.debug.xcconfig"; path = "Target Support Files/Pods-fengNplServer/Pods-fengNplServer.debug.xcconfig"; sourceTree = "<group>"; };
		C9E97CB6DD4C681F32403F77 /* Pods-fengNplServer.release.xcconfig */ = {isa = PBXFileReference; includeInIndex = 1; lastKnownFileType = text.xcconfig; name = "Pods-fengNplServer.release.xcconfig"; path = "Target Support Files/Pods-fengNplServer/Pods-fengNplServer.release.xcconfig"; sourceTree = "<group>"; };
/* End PBXFileReference section */

/* Begin PBXFrameworksBuildPhase section */
		62BE85D221E59ECC00667BC5 /* Frameworks */ = {
			isa = PBXFrameworksBuildPhase;
			buildActionMask = 2147483647;
			files = (
				0ACA5C07C841AC8EB1829A0B /* Pods_fengNplServer.framework in Frameworks */,
			);
			runOnlyForDeploymentPostprocessing = 0;
		};
/* End PBXFrameworksBuildPhase section */

/* Begin PBXGroup section */
		12FFDA688B6F193BC434F02A /* Frameworks */ = {
			isa = PBXGroup;
			children = (
				4493EBBE65A509BC66D13B51 /* Pods_fengNplServer.framework */,
			);
			name = Frameworks;
			sourceTree = "<group>";
		};
		62BE85CC21E59ECC00667BC5 = {
			isa = PBXGroup;
			children = (
				62BE85D721E59ECC00667BC5 /* fengNplServer */,
				62BE85D621E59ECC00667BC5 /* Products */,
				D00271F94460ED5A58A7E2B2 /* Pods */,
				12FFDA688B6F193BC434F02A /* Frameworks */,
			);
			sourceTree = "<group>";
		};
		62BE85D621E59ECC00667BC5 /* Products */ = {
			isa = PBXGroup;
			children = (
				62BE85D521E59ECC00667BC5 /* fengNplServer.app */,
			);
			name = Products;
			sourceTree = "<group>";
		};
		62BE85D721E59ECC00667BC5 /* fengNplServer */ = {
			isa = PBXGroup;
			children = (
				6285C78621E5E5EF00A05CA7 /* processmessagefilter.mlmodel */,
				62BE85D821E59ECC00667BC5 /* AppDelegate.swift */,
				62BE85DE21E59ECC00667BC5 /* Main.storyboard */,
				62BE85DA21E59ECC00667BC5 /* ViewController.swift */,
				62BE85DC21E59ECC00667BC5 /* Assets.xcassets */,
				62BE85E121E59ECC00667BC5 /* Info.plist */,
				62BE85E221E59ECC00667BC5 /* fengNplServer.entitlements */,
			);
			path = fengNplServer;
			sourceTree = "<group>";
		};
		D00271F94460ED5A58A7E2B2 /* Pods */ = {
			isa = PBXGroup;
			children = (
				6875D5AF63CCA1095DAB8542 /* Pods-fengNplServer.debug.xcconfig */,
				C9E97CB6DD4C681F32403F77 /* Pods-fengNplServer.release.xcconfig */,
			);
			path = Pods;
			sourceTree = "<group>";
		};
/* End PBXGroup section */

/* Begin PBXNativeTarget section */
		62BE85D421E59ECC00667BC5 /* fengNplServer */ = {
			isa = PBXNativeTarget;
			buildConfigurationList = 62BE85E521E59ECC00667BC5 /* Build configuration list for PBXNativeTarget "fengNplServer" */;
			buildPhases = (
				9FB75C04E576AA40D82E127E /* [CP] Check Pods Manifest.lock */,
				62BE85D121E59ECC00667BC5 /* Sources */,
				62BE85D221E59ECC00667BC5 /* Frameworks */,
				62BE85D321E59ECC00667BC5 /* Resources */,
				62BE85F821E59F8700667BC5 /* Embed App Extensions */,
				1E5C8E66BC1DFB88F327C899 /* [CP] Embed Pods Frameworks */,
			);
			buildRules = (
			);
			dependencies = (
			);
			name = fengNplServer;
			productName = fengNplServer;
			productReference = 62BE85D521E59ECC00667BC5 /* fengNplServer.app */;
			productType = "com.apple.product-type.application";
		};
/* End PBXNativeTarget section */

/* Begin PBXProject section */
		62BE85CD21E59ECC00667BC5 /* Project object */ = {
			isa = PBXProject;
			attributes = {
				LastSwiftUpdateCheck = 1010;
				LastUpgradeCheck = 1010;
				ORGANIZATIONNAME = cn.yygdz;
				TargetAttributes = {
					62BE85D421E59ECC00667BC5 = {
						CreatedOnToolsVersion = 10.1;
						SystemCapabilities = {
							com.apple.NetworkExtensions = {
								enabled = 0;
							};
							com.apple.Sandbox = {
								enabled = 1;
							};
						};
					};
				};
			};
			buildConfigurationList = 62BE85D021E59ECC00667BC5 /* Build configuration list for PBXProject "fengNplServer" */;
			compatibilityVersion = "Xcode 9.3";
			developmentRegion = en;
			hasScannedForEncodings = 0;
			knownRegions = (
				en,
				Base,
			);
			mainGroup = 62BE85CC21E59ECC00667BC5;
			productRefGroup = 62BE85D621E59ECC00667BC5 /* Products */;
			projectDirPath = "";
			projectRoot = "";
			targets = (
				62BE85D421E59ECC00667BC5 /* fengNplServer */,
			);
		};
/* End PBXProject section */

/* Begin PBXResourcesBuildPhase section */
		62BE85D321E59ECC00667BC5 /* Resources */ = {
			isa = PBXResourcesBuildPhase;
			buildActionMask = 2147483647;
			files = (
				62BE85DD21E59ECC00667BC5 /* Assets.xcassets in Resources */,
				62BE85E021E59ECC00667BC5 /* Main.storyboard in Resources */,
			);
			runOnlyForDeploymentPostprocessing = 0;
		};
/* End PBXResourcesBuildPhase section */

/* Begin PBXShellScriptBuildPhase section */
		1E5C8E66BC1DFB88F327C899 /* [CP] Embed Pods Frameworks */ = {
			isa = PBXShellScriptBuildPhase;
			buildActionMask = 2147483647;
			files = (
			);
			inputFileListPaths = (
			);
			inputPaths = (
				"${PODS_ROOT}/Target Support Files/Pods-fengNplServer/Pods-fengNplServer-frameworks.sh",
				"${BUILT_PRODUCTS_DIR}/Swifter/Swifter.framework",
			);
			name = "[CP] Embed Pods Frameworks";
			outputFileListPaths = (
			);
			outputPaths = (
				"${TARGET_BUILD_DIR}/${FRAMEWORKS_FOLDER_PATH}/Swifter.framework",
			);
			runOnlyForDeploymentPostprocessing = 0;
			shellPath = /bin/sh;
			shellScript = "\"${PODS_ROOT}/Target Support Files/Pods-fengNplServer/Pods-fengNplServer-frameworks.sh\"\n";
			showEnvVarsInLog = 0;
		};
		9FB75C04E576AA40D82E127E /* [CP] Check Pods Manifest.lock */ = {
			isa = PBXShellScriptBuildPhase;
			buildActionMask = 2147483647;
			files = (
			);
			inputFileListPaths = (
			);
			inputPaths = (
				"${PODS_PODFILE_DIR_PATH}/Podfile.lock",
				"${PODS_ROOT}/Manifest.lock",
			);
			name = "[CP] Check Pods Manifest.lock";
			outputFileListPaths = (
			);
			outputPaths = (
				"$(DERIVED_FILE_DIR)/Pods-fengNplServer-checkManifestLockResult.txt",
			);
			runOnlyForDeploymentPostprocessing = 0;
			shellPath = /bin/sh;
			shellScript = "diff \"${PODS_PODFILE_DIR_PATH}/Podfile.lock\" \"${PODS_ROOT}/Manifest.lock\" > /dev/null\nif [ $? != 0 ] ; then\n    # print error to STDERR\n    echo \"error: The sandbox is not in sync with the Podfile.lock. Run 'pod install' or update your CocoaPods installation.\" >&2\n    exit 1\nfi\n# This output is used by Xcode 'outputs' to avoid re-running this script phase.\necho \"SUCCESS\" > \"${SCRIPT_OUTPUT_FILE_0}\"\n";
			showEnvVarsInLog = 0;
		};
/* End PBXShellScriptBuildPhase section */

/* Begin PBXSourcesBuildPhase section */
		62BE85D121E59ECC00667BC5 /* Sources */ = {
			isa = PBXSourcesBuildPhase;
			buildActionMask = 2147483647;
			files = (
				62BE85DB21E59ECC00667BC5 /* ViewController.swift in Sources */,
				6285C78721E5E5EF00A05CA7 /* processmessagefilter.mlmodel in Sources */,
				62BE85D921E59ECC00667BC5 /* AppDelegate.swift in Sources */,
			);
			runOnlyForDeploymentPostprocessing = 0;
		};
/* End PBXSourcesBuildPhase section */

/* Begin PBXVariantGroup section */
		62BE85DE21E59ECC00667BC5 /* Main.storyboard */ = {
			isa = PBXVariantGroup;
			children = (
				62BE85DF21E59ECC00667BC5 /* Base */,
			);
			name = Main.storyboard;
			sourceTree = "<group>";
		};
/* End PBXVariantGroup section */

/* Begin XCBuildConfiguration section */
		62BE85E321E59ECC00667BC5 /* Debug */ = {
			isa = XCBuildConfiguration;
			buildSettings = {
				ALWAYS_SEARCH_USER_PATHS = NO;
				CLANG_ANALYZER_NONNULL = YES;
				CLANG_ANALYZER_NUMBER_OBJECT_CONVERSION = YES_AGGRESSIVE;
				CLANG_CXX_LANGUAGE_STANDARD = "gnu++14";
				CLANG_CXX_LIBRARY = "libc++";
				CLANG_ENABLE_MODULES = YES;
				CLANG_ENABLE_OBJC_ARC = YES;
				CLANG_ENABLE_OBJC_WEAK = YES;
				CLANG_WARN_BLOCK_CAPTURE_AUTORELEASING = YES;
				CLANG_WARN_BOOL_CONVERSION = YES;
				CLANG_WARN_COMMA = YES;
				CLANG_WARN_CONSTANT_CONVERSION = YES;
				CLANG_WARN_DEPRECATED_OBJC_IMPLEMENTATIONS = YES;
				CLANG_WARN_DIRECT_OBJC_ISA_USAGE = YES_ERROR;
				CLANG_WARN_DOCUMENTATION_COMMENTS = YES;
				CLANG_WARN_EMPTY_BODY = YES;
				CLANG_WARN_ENUM_CONVERSION = YES;
				CLANG_WARN_INFINITE_RECURSION = YES;
				CLANG_WARN_INT_CONVERSION = YES;
				CLANG_WARN_NON_LITERAL_NULL_CONVERSION = YES;
				CLANG_WARN_OBJC_IMPLICIT_RETAIN_SELF = YES;
				CLANG_WARN_OBJC_LITERAL_CONVERSION = YES;
				CLANG_WARN_OBJC_ROOT_CLASS = YES_ERROR;
				CLANG_WARN_RANGE_LOOP_ANALYSIS = YES;
				CLANG_WARN_STRICT_PROTOTYPES = YES;
				CLANG_WARN_SUSPICIOUS_MOVE = YES;
				CLANG_WARN_UNGUARDED_AVAILABILITY = YES_AGGRESSIVE;
				CLANG_WARN_UNREACHABLE_CODE = YES;
				CLANG_WARN__DUPLICATE_METHOD_MATCH = YES;
				CODE_SIGN_IDENTITY = "Mac Developer";
				COPY_PHASE_STRIP = NO;
				DEBUG_INFORMATION_FORMAT = dwarf;
				ENABLE_STRICT_OBJC_MSGSEND = YES;
				ENABLE_TESTABILITY = YES;
				GCC_C_LANGUAGE_STANDARD = gnu11;
				GCC_DYNAMIC_NO_PIC = NO;
				GCC_NO_COMMON_BLOCKS = YES;
				GCC_OPTIMIZATION_LEVEL = 0;
				GCC_PREPROCESSOR_DEFINITIONS = (
					"DEBUG=1",
					"$(inherited)",
				);
				GCC_WARN_64_TO_32_BIT_CONVERSION = YES;
				GCC_WARN_ABOUT_RETURN_TYPE = YES_ERROR;
				GCC_WARN_UNDECLARED_SELECTOR = YES;
				GCC_WARN_UNINITIALIZED_AUTOS = YES_AGGRESSIVE;
				GCC_WARN_UNUSED_FUNCTION = YES;
				GCC_WARN_UNUSED_VARIABLE = YES;
				MACOSX_DEPLOYMENT_TARGET = 10.14;
				MTL_ENABLE_DEBUG_INFO = INCLUDE_SOURCE;
				MTL_FAST_MATH = YES;
				ONLY_ACTIVE_ARCH = YES;
				SDKROOT = macosx;
				SWIFT_ACTIVE_COMPILATION_CONDITIONS = DEBUG;
				SWIFT_OPTIMIZATION_LEVEL = "-Onone";
			};
			name = Debug;
		};
		62BE85E421E59ECC00667BC5 /* Release */ = {
			isa = XCBuildConfiguration;
			buildSettings = {
				ALWAYS_SEARCH_USER_PATHS = NO;
				CLANG_ANALYZER_NONNULL = YES;
				CLANG_ANALYZER_NUMBER_OBJECT_CONVERSION = YES_AGGRESSIVE;
				CLANG_CXX_LANGUAGE_STANDARD = "gnu++14";
				CLANG_CXX_LIBRARY = "libc++";
				CLANG_ENABLE_MODULES = YES;
				CLANG_ENABLE_OBJC_ARC = YES;
				CLANG_ENABLE_OBJC_WEAK = YES;
				CLANG_WARN_BLOCK_CAPTURE_AUTORELEASING = YES;
				CLANG_WARN_BOOL_CONVERSION = YES;
				CLANG_WARN_COMMA = YES;
				CLANG_WARN_CONSTANT_CONVERSION = YES;
				CLANG_WARN_DEPRECATED_OBJC_IMPLEMENTATIONS = YES;
				CLANG_WARN_DIRECT_OBJC_ISA_USAGE = YES_ERROR;
				CLANG_WARN_DOCUMENTATION_COMMENTS = YES;
				CLANG_WARN_EMPTY_BODY = YES;
				CLANG_WARN_ENUM_CONVERSION = YES;
				CLANG_WARN_INFINITE_RECURSION = YES;
				CLANG_WARN_INT_CONVERSION = YES;
				CLANG_WARN_NON_LITERAL_NULL_CONVERSION = YES;
				CLANG_WARN_OBJC_IMPLICIT_RETAIN_SELF = YES;
				CLANG_WARN_OBJC_LITERAL_CONVERSION = YES;
				CLANG_WARN_OBJC_ROOT_CLASS = YES_ERROR;
				CLANG_WARN_RANGE_LOOP_ANALYSIS = YES;
				CLANG_WARN_STRICT_PROTOTYPES = YES;
				CLANG_WARN_SUSPICIOUS_MOVE = YES;
				CLANG_WARN_UNGUARDED_AVAILABILITY = YES_AGGRESSIVE;
				CLANG_WARN_UNREACHABLE_CODE = YES;
				CLANG_WARN__DUPLICATE_METHOD_MATCH = YES;
				CODE_SIGN_IDENTITY = "Mac Developer";
				COPY_PHASE_STRIP = NO;
				DEBUG_INFORMATION_FORMAT = "dwarf-with-dsym";
				ENABLE_NS_ASSERTIONS = NO;
				ENABLE_STRICT_OBJC_MSGSEND = YES;
				GCC_C_LANGUAGE_STANDARD = gnu11;
				GCC_NO_COMMON_BLOCKS = YES;
				GCC_WARN_64_TO_32_BIT_CONVERSION = YES;
				GCC_WARN_ABOUT_RETURN_TYPE = YES_ERROR;
				GCC_WARN_UNDECLARED_SELECTOR = YES;
				GCC_WARN_UNINITIALIZED_AUTOS = YES_AGGRESSIVE;
				GCC_WARN_UNUSED_FUNCTION = YES;
				GCC_WARN_UNUSED_VARIABLE = YES;
				MACOSX_DEPLOYMENT_TARGET = 10.14;
				MTL_ENABLE_DEBUG_INFO = NO;
				MTL_FAST_MATH = YES;
				SDKROOT = macosx;
				SWIFT_COMPILATION_MODE = wholemodule;
				SWIFT_OPTIMIZATION_LEVEL = "-O";
			};
			name = Release;
		};
		62BE85E621E59ECC00667BC5 /* Debug */ = {
			isa = XCBuildConfiguration;
			baseConfigurationReference = 6875D5AF63CCA1095DAB8542 /* Pods-fengNplServer.debug.xcconfig */;
			buildSettings = {
				ALWAYS_EMBED_SWIFT_STANDARD_LIBRARIES = YES;
				ASSETCATALOG_COMPILER_APPICON_NAME = AppIcon;
				CODE_SIGN_ENTITLEMENTS = fengNplServer/fengNplServer.entitlements;
				CODE_SIGN_STYLE = Automatic;
				COMBINE_HIDPI_IMAGES = YES;
				DEVELOPMENT_TEAM = UR6X4CRK5E;
				INFOPLIST_FILE = fengNplServer/Info.plist;
				LD_RUNPATH_SEARCH_PATHS = (
					"$(inherited)",
					"@executable_path/../Frameworks",
				);
				PRODUCT_BUNDLE_IDENTIFIER = cn.yygdz.fengNplServer;
				PRODUCT_NAME = "$(TARGET_NAME)";
				SWIFT_VERSION = 4.2;
			};
			name = Debug;
		};
		62BE85E721E59ECC00667BC5 /* Release */ = {
			isa = XCBuildConfiguration;
			baseConfigurationReference = C9E97CB6DD4C681F32403F77 /* Pods-fengNplServer.release.xcconfig */;
			buildSettings = {
				ALWAYS_EMBED_SWIFT_STANDARD_LIBRARIES = YES;
				ASSETCATALOG_COMPILER_APPICON_NAME = AppIcon;
				CODE_SIGN_ENTITLEMENTS = fengNplServer/fengNplServer.entitlements;
				CODE_SIGN_STYLE = Automatic;
				COMBINE_HIDPI_IMAGES = YES;
				DEVELOPMENT_TEAM = UR6X4CRK5E;
				INFOPLIST_FILE = fengNplServer/Info.plist;
				LD_RUNPATH_SEARCH_PATHS = (
					"$(inherited)",
					"@executable_path/../Frameworks",
				);
				PRODUCT_BUNDLE_IDENTIFIER = cn.yygdz.fengNplServer;
				PRODUCT_NAME = "$(TARGET_NAME)";
				SWIFT_VERSION = 4.2;
			};
			name = Release;
		};
/* End XCBuildConfiguration section */

/* Begin XCConfigurationList section */
		62BE85D021E59ECC00667BC5 /* Build configuration list for PBXProject "fengNplServer" */ = {
			isa = XCConfigurationList;
			buildConfigurations = (
				62BE85E321E59ECC00667BC5 /* Debug */,
				62BE85E421E59ECC00667BC5 /* Release */,
			);
			defaultConfigurationIsVisible = 0;
			defaultConfigurationName = Release;
		};
		62BE85E521E59ECC00667BC5 /* Build configuration list for PBXNativeTarget "fengNplServer" */ = {
			isa = XCConfigurationList;
			buildConfigurations = (
				62BE85E621E59ECC00667BC5 /* Debug */,
				62BE85E721E59ECC00667BC5 /* Release */,
			);
			defaultConfigurationIsVisible = 0;
			defaultConfigurationName = Release;
		};
/* End XCConfigurationList section */
	};
	rootObject = 62BE85CD21E59ECC00667BC5 /* Project object */;
}
