// !$*UTF8*$!
{
	archiveVersion = 1;
	classes = {
	};
	objectVersion = 50;
	objects = {

/* Begin PBXBuildFile section */
		623B2EE92224F031008BA35C /* AppDelegate.swift in Sources */ = {isa = PBXBuildFile; fileRef = 623B2EE82224F031008BA35C /* AppDelegate.swift */; };
		623B2EEB2224F031008BA35C /* ViewController.swift in Sources */ = {isa = PBXBuildFile; fileRef = 623B2EEA2224F031008BA35C /* ViewController.swift */; };
		623B2EEE2224F031008BA35C /* Main.storyboard in Resources */ = {isa = PBXBuildFile; fileRef = 623B2EEC2224F031008BA35C /* Main.storyboard */; };
		623B2EF02224F032008BA35C /* Assets.xcassets in Resources */ = {isa = PBXBuildFile; fileRef = 623B2EEF2224F032008BA35C /* Assets.xcassets */; };
		623B2EF32224F032008BA35C /* LaunchScreen.storyboard in Resources */ = {isa = PBXBuildFile; fileRef = 623B2EF12224F032008BA35C /* LaunchScreen.storyboard */; };
		750B1AD83E2634F9B4079200 /* Pods_FEditor.framework in Frameworks */ = {isa = PBXBuildFile; fileRef = 81B70123F8396C46862DA55D /* Pods_FEditor.framework */; };
/* End PBXBuildFile section */

/* Begin PBXFileReference section */
		623B2EE52224F031008BA35C /* FEditor.app */ = {isa = PBXFileReference; explicitFileType = wrapper.application; includeInIndex = 0; path = FEditor.app; sourceTree = BUILT_PRODUCTS_DIR; };
		623B2EE82224F031008BA35C /* AppDelegate.swift */ = {isa = PBXFileReference; lastKnownFileType = sourcecode.swift; path = AppDelegate.swift; sourceTree = "<group>"; };
		623B2EEA2224F031008BA35C /* ViewController.swift */ = {isa = PBXFileReference; lastKnownFileType = sourcecode.swift; path = ViewController.swift; sourceTree = "<group>"; };
		623B2EED2224F031008BA35C /* Base */ = {isa = PBXFileReference; lastKnownFileType = file.storyboard; name = Base; path = Base.lproj/Main.storyboard; sourceTree = "<group>"; };
		623B2EEF2224F032008BA35C /* Assets.xcassets */ = {isa = PBXFileReference; lastKnownFileType = folder.assetcatalog; path = Assets.xcassets; sourceTree = "<group>"; };
		623B2EF22224F032008BA35C /* Base */ = {isa = PBXFileReference; lastKnownFileType = file.storyboard; name = Base; path = Base.lproj/LaunchScreen.storyboard; sourceTree = "<group>"; };
		623B2EF42224F032008BA35C /* Info.plist */ = {isa = PBXFileReference; lastKnownFileType = text.plist.xml; path = Info.plist; sourceTree = "<group>"; };
		623B2EFA2224F1E7008BA35C /* FEditor-Bridging-Header.h */ = {isa = PBXFileReference; lastKnownFileType = sourcecode.c.h; path = "FEditor-Bridging-Header.h"; sourceTree = "<group>"; };
		81B70123F8396C46862DA55D /* Pods_FEditor.framework */ = {isa = PBXFileReference; explicitFileType = wrapper.framework; includeInIndex = 0; path = Pods_FEditor.framework; sourceTree = BUILT_PRODUCTS_DIR; };
		D11781B29DF25BF2C8BC2D4F /* Pods-FEditor.release.xcconfig */ = {isa = PBXFileReference; includeInIndex = 1; lastKnownFileType = text.xcconfig; name = "Pods-FEditor.release.xcconfig"; path = "Target Support Files/Pods-FEditor/Pods-FEditor.release.xcconfig"; sourceTree = "<group>"; };
		E8BDAB314FA2F886A5EA55E3 /* Pods-FEditor.debug.xcconfig */ = {isa = PBXFileReference; includeInIndex = 1; lastKnownFileType = text.xcconfig; name = "Pods-FEditor.debug.xcconfig"; path = "Target Support Files/Pods-FEditor/Pods-FEditor.debug.xcconfig"; sourceTree = "<group>"; };
/* End PBXFileReference section */

/* Begin PBXFrameworksBuildPhase section */
		623B2EE22224F031008BA35C /* Frameworks */ = {
			isa = PBXFrameworksBuildPhase;
			buildActionMask = 2147483647;
			files = (
				750B1AD83E2634F9B4079200 /* Pods_FEditor.framework in Frameworks */,
			);
			runOnlyForDeploymentPostprocessing = 0;
		};
/* End PBXFrameworksBuildPhase section */

/* Begin PBXGroup section */
		623B2EDC2224F031008BA35C = {
			isa = PBXGroup;
			children = (
				623B2EE72224F031008BA35C /* FEditor */,
				623B2EE62224F031008BA35C /* Products */,
				8797FDB91C240B5361694D21 /* Pods */,
				9C708F5256175752162F9257 /* Frameworks */,
			);
			sourceTree = "<group>";
		};
		623B2EE62224F031008BA35C /* Products */ = {
			isa = PBXGroup;
			children = (
				623B2EE52224F031008BA35C /* FEditor.app */,
			);
			name = Products;
			sourceTree = "<group>";
		};
		623B2EE72224F031008BA35C /* FEditor */ = {
			isa = PBXGroup;
			children = (
				623B2EE82224F031008BA35C /* AppDelegate.swift */,
				623B2EEA2224F031008BA35C /* ViewController.swift */,
				623B2EEC2224F031008BA35C /* Main.storyboard */,
				623B2EEF2224F032008BA35C /* Assets.xcassets */,
				623B2EF12224F032008BA35C /* LaunchScreen.storyboard */,
				623B2EF42224F032008BA35C /* Info.plist */,
				623B2EFA2224F1E7008BA35C /* FEditor-Bridging-Header.h */,
			);
			path = FEditor;
			sourceTree = "<group>";
		};
		8797FDB91C240B5361694D21 /* Pods */ = {
			isa = PBXGroup;
			children = (
				E8BDAB314FA2F886A5EA55E3 /* Pods-FEditor.debug.xcconfig */,
				D11781B29DF25BF2C8BC2D4F /* Pods-FEditor.release.xcconfig */,
			);
			path = Pods;
			sourceTree = "<group>";
		};
		9C708F5256175752162F9257 /* Frameworks */ = {
			isa = PBXGroup;
			children = (
				81B70123F8396C46862DA55D /* Pods_FEditor.framework */,
			);
			name = Frameworks;
			sourceTree = "<group>";
		};
/* End PBXGroup section */

/* Begin PBXNativeTarget section */
		623B2EE42224F031008BA35C /* FEditor */ = {
			isa = PBXNativeTarget;
			buildConfigurationList = 623B2EF72224F032008BA35C /* Build configuration list for PBXNativeTarget "FEditor" */;
			buildPhases = (
				49313BE772440848FCD94B3E /* [CP] Check Pods Manifest.lock */,
				623B2EE12224F031008BA35C /* Sources */,
				623B2EE22224F031008BA35C /* Frameworks */,
				623B2EE32224F031008BA35C /* Resources */,
				6C84FACC0D543411FE1AA344 /* [CP] Embed Pods Frameworks */,
			);
			buildRules = (
			);
			dependencies = (
			);
			name = FEditor;
			productName = FEditor;
			productReference = 623B2EE52224F031008BA35C /* FEditor.app */;
			productType = "com.apple.product-type.application";
		};
/* End PBXNativeTarget section */

/* Begin PBXProject section */
		623B2EDD2224F031008BA35C /* Project object */ = {
			isa = PBXProject;
			attributes = {
				LastSwiftUpdateCheck = 1010;
				LastUpgradeCheck = 1010;
				ORGANIZATIONNAME = com.yizheyun;
				TargetAttributes = {
					623B2EE42224F031008BA35C = {
						CreatedOnToolsVersion = 10.1;
						LastSwiftMigration = 1010;
					};
				};
			};
			buildConfigurationList = 623B2EE02224F031008BA35C /* Build configuration list for PBXProject "FEditor" */;
			compatibilityVersion = "Xcode 9.3";
			developmentRegion = en;
			hasScannedForEncodings = 0;
			knownRegions = (
				en,
				Base,
			);
			mainGroup = 623B2EDC2224F031008BA35C;
			productRefGroup = 623B2EE62224F031008BA35C /* Products */;
			projectDirPath = "";
			projectRoot = "";
			targets = (
				623B2EE42224F031008BA35C /* FEditor */,
			);
		};
/* End PBXProject section */

/* Begin PBXResourcesBuildPhase section */
		623B2EE32224F031008BA35C /* Resources */ = {
			isa = PBXResourcesBuildPhase;
			buildActionMask = 2147483647;
			files = (
				623B2EF32224F032008BA35C /* LaunchScreen.storyboard in Resources */,
				623B2EF02224F032008BA35C /* Assets.xcassets in Resources */,
				623B2EEE2224F031008BA35C /* Main.storyboard in Resources */,
			);
			runOnlyForDeploymentPostprocessing = 0;
		};
/* End PBXResourcesBuildPhase section */

/* Begin PBXShellScriptBuildPhase section */
		49313BE772440848FCD94B3E /* [CP] Check Pods Manifest.lock */ = {
			isa = PBXShellScriptBuildPhase;
			buildActionMask = 2147483647;
			files = (
			);
			inputFileListPaths = (
			);
			inputPaths = (
				"${PODS_PODFILE_DIR_PATH}/Podfile.lock",
				"${PODS_ROOT}/Manifest.lock",
			);
			name = "[CP] Check Pods Manifest.lock";
			outputFileListPaths = (
			);
			outputPaths = (
				"$(DERIVED_FILE_DIR)/Pods-FEditor-checkManifestLockResult.txt",
			);
			runOnlyForDeploymentPostprocessing = 0;
			shellPath = /bin/sh;
			shellScript = "diff \"${PODS_PODFILE_DIR_PATH}/Podfile.lock\" \"${PODS_ROOT}/Manifest.lock\" > /dev/null\nif [ $? != 0 ] ; then\n    # print error to STDERR\n    echo \"error: The sandbox is not in sync with the Podfile.lock. Run 'pod install' or update your CocoaPods installation.\" >&2\n    exit 1\nfi\n# This output is used by Xcode 'outputs' to avoid re-running this script phase.\necho \"SUCCESS\" > \"${SCRIPT_OUTPUT_FILE_0}\"\n";
			showEnvVarsInLog = 0;
		};
		6C84FACC0D543411FE1AA344 /* [CP] Embed Pods Frameworks */ = {
			isa = PBXShellScriptBuildPhase;
			buildActionMask = 2147483647;
			files = (
			);
			inputFileListPaths = (
			);
			inputPaths = (
				"${PODS_ROOT}/Target Support Files/Pods-FEditor/Pods-FEditor-frameworks.sh",
				"${BUILT_PRODUCTS_DIR}/WordPress-Aztec-iOS/Aztec.framework",
				"${BUILT_PRODUCTS_DIR}/WordPress-Editor-iOS/WordPressEditor.framework",
			);
			name = "[CP] Embed Pods Frameworks";
			outputFileListPaths = (
			);
			outputPaths = (
				"${TARGET_BUILD_DIR}/${FRAMEWORKS_FOLDER_PATH}/Aztec.framework",
				"${TARGET_BUILD_DIR}/${FRAMEWORKS_FOLDER_PATH}/WordPressEditor.framework",
			);
			runOnlyForDeploymentPostprocessing = 0;
			shellPath = /bin/sh;
			shellScript = "\"${PODS_ROOT}/Target Support Files/Pods-FEditor/Pods-FEditor-frameworks.sh\"\n";
			showEnvVarsInLog = 0;
		};
/* End PBXShellScriptBuildPhase section */

/* Begin PBXSourcesBuildPhase section */
		623B2EE12224F031008BA35C /* Sources */ = {
			isa = PBXSourcesBuildPhase;
			buildActionMask = 2147483647;
			files = (
				623B2EEB2224F031008BA35C /* ViewController.swift in Sources */,
				623B2EE92224F031008BA35C /* AppDelegate.swift in Sources */,
			);
			runOnlyForDeploymentPostprocessing = 0;
		};
/* End PBXSourcesBuildPhase section */

/* Begin PBXVariantGroup section */
		623B2EEC2224F031008BA35C /* Main.storyboard */ = {
			isa = PBXVariantGroup;
			children = (
				623B2EED2224F031008BA35C /* Base */,
			);
			name = Main.storyboard;
			sourceTree = "<group>";
		};
		623B2EF12224F032008BA35C /* LaunchScreen.storyboard */ = {
			isa = PBXVariantGroup;
			children = (
				623B2EF22224F032008BA35C /* Base */,
			);
			name = LaunchScreen.storyboard;
			sourceTree = "<group>";
		};
/* End PBXVariantGroup section */

/* Begin XCBuildConfiguration section */
		623B2EF52224F032008BA35C /* Debug */ = {
			isa = XCBuildConfiguration;
			buildSettings = {
				ALWAYS_SEARCH_USER_PATHS = NO;
				CLANG_ANALYZER_NONNULL = YES;
				CLANG_ANALYZER_NUMBER_OBJECT_CONVERSION = YES_AGGRESSIVE;
				CLANG_CXX_LANGUAGE_STANDARD = "gnu++14";
				CLANG_CXX_LIBRARY = "libc++";
				CLANG_ENABLE_MODULES = YES;
				CLANG_ENABLE_OBJC_ARC = YES;
				CLANG_ENABLE_OBJC_WEAK = YES;
				CLANG_WARN_BLOCK_CAPTURE_AUTORELEASING = YES;
				CLANG_WARN_BOOL_CONVERSION = YES;
				CLANG_WARN_COMMA = YES;
				CLANG_WARN_CONSTANT_CONVERSION = YES;
				CLANG_WARN_DEPRECATED_OBJC_IMPLEMENTATIONS = YES;
				CLANG_WARN_DIRECT_OBJC_ISA_USAGE = YES_ERROR;
				CLANG_WARN_DOCUMENTATION_COMMENTS = YES;
				CLANG_WARN_EMPTY_BODY = YES;
				CLANG_WARN_ENUM_CONVERSION = YES;
				CLANG_WARN_INFINITE_RECURSION = YES;
				CLANG_WARN_INT_CONVERSION = YES;
				CLANG_WARN_NON_LITERAL_NULL_CONVERSION = YES;
				CLANG_WARN_OBJC_IMPLICIT_RETAIN_SELF = YES;
				CLANG_WARN_OBJC_LITERAL_CONVERSION = YES;
				CLANG_WARN_OBJC_ROOT_CLASS = YES_ERROR;
				CLANG_WARN_RANGE_LOOP_ANALYSIS = YES;
				CLANG_WARN_STRICT_PROTOTYPES = YES;
				CLANG_WARN_SUSPICIOUS_MOVE = YES;
				CLANG_WARN_UNGUARDED_AVAILABILITY = YES_AGGRESSIVE;
				CLANG_WARN_UNREACHABLE_CODE = YES;
				CLANG_WARN__DUPLICATE_METHOD_MATCH = YES;
				CODE_SIGN_IDENTITY = "iPhone Developer";
				COPY_PHASE_STRIP = NO;
				DEBUG_INFORMATION_FORMAT = dwarf;
				ENABLE_STRICT_OBJC_MSGSEND = YES;
				ENABLE_TESTABILITY = YES;
				GCC_C_LANGUAGE_STANDARD = gnu11;
				GCC_DYNAMIC_NO_PIC = NO;
				GCC_NO_COMMON_BLOCKS = YES;
				GCC_OPTIMIZATION_LEVEL = 0;
				GCC_PREPROCESSOR_DEFINITIONS = (
					"DEBUG=1",
					"$(inherited)",
				);
				GCC_WARN_64_TO_32_BIT_CONVERSION = YES;
				GCC_WARN_ABOUT_RETURN_TYPE = YES_ERROR;
				GCC_WARN_UNDECLARED_SELECTOR = YES;
				GCC_WARN_UNINITIALIZED_AUTOS = YES_AGGRESSIVE;
				GCC_WARN_UNUSED_FUNCTION = YES;
				GCC_WARN_UNUSED_VARIABLE = YES;
				IPHONEOS_DEPLOYMENT_TARGET = 12.1;
				MTL_ENABLE_DEBUG_INFO = INCLUDE_SOURCE;
				MTL_FAST_MATH = YES;
				ONLY_ACTIVE_ARCH = YES;
				SDKROOT = iphoneos;
				SWIFT_ACTIVE_COMPILATION_CONDITIONS = DEBUG;
				SWIFT_OPTIMIZATION_LEVEL = "-Onone";
			};
			name = Debug;
		};
		623B2EF62224F032008BA35C /* Release */ = {
			isa = XCBuildConfiguration;
			buildSettings = {
				ALWAYS_SEARCH_USER_PATHS = NO;
				CLANG_ANALYZER_NONNULL = YES;
				CLANG_ANALYZER_NUMBER_OBJECT_CONVERSION = YES_AGGRESSIVE;
				CLANG_CXX_LANGUAGE_STANDARD = "gnu++14";
				CLANG_CXX_LIBRARY = "libc++";
				CLANG_ENABLE_MODULES = YES;
				CLANG_ENABLE_OBJC_ARC = YES;
				CLANG_ENABLE_OBJC_WEAK = YES;
				CLANG_WARN_BLOCK_CAPTURE_AUTORELEASING = YES;
				CLANG_WARN_BOOL_CONVERSION = YES;
				CLANG_WARN_COMMA = YES;
				CLANG_WARN_CONSTANT_CONVERSION = YES;
				CLANG_WARN_DEPRECATED_OBJC_IMPLEMENTATIONS = YES;
				CLANG_WARN_DIRECT_OBJC_ISA_USAGE = YES_ERROR;
				CLANG_WARN_DOCUMENTATION_COMMENTS = YES;
				CLANG_WARN_EMPTY_BODY = YES;
				CLANG_WARN_ENUM_CONVERSION = YES;
				CLANG_WARN_INFINITE_RECURSION = YES;
				CLANG_WARN_INT_CONVERSION = YES;
				CLANG_WARN_NON_LITERAL_NULL_CONVERSION = YES;
				CLANG_WARN_OBJC_IMPLICIT_RETAIN_SELF = YES;
				CLANG_WARN_OBJC_LITERAL_CONVERSION = YES;
				CLANG_WARN_OBJC_ROOT_CLASS = YES_ERROR;
				CLANG_WARN_RANGE_LOOP_ANALYSIS = YES;
				CLANG_WARN_STRICT_PROTOTYPES = YES;
				CLANG_WARN_SUSPICIOUS_MOVE = YES;
				CLANG_WARN_UNGUARDED_AVAILABILITY = YES_AGGRESSIVE;
				CLANG_WARN_UNREACHABLE_CODE = YES;
				CLANG_WARN__DUPLICATE_METHOD_MATCH = YES;
				CODE_SIGN_IDENTITY = "iPhone Developer";
				COPY_PHASE_STRIP = NO;
				DEBUG_INFORMATION_FORMAT = "dwarf-with-dsym";
				ENABLE_NS_ASSERTIONS = NO;
				ENABLE_STRICT_OBJC_MSGSEND = YES;
				GCC_C_LANGUAGE_STANDARD = gnu11;
				GCC_NO_COMMON_BLOCKS = YES;
				GCC_WARN_64_TO_32_BIT_CONVERSION = YES;
				GCC_WARN_ABOUT_RETURN_TYPE = YES_ERROR;
				GCC_WARN_UNDECLARED_SELECTOR = YES;
				GCC_WARN_UNINITIALIZED_AUTOS = YES_AGGRESSIVE;
				GCC_WARN_UNUSED_FUNCTION = YES;
				GCC_WARN_UNUSED_VARIABLE = YES;
				IPHONEOS_DEPLOYMENT_TARGET = 12.1;
				MTL_ENABLE_DEBUG_INFO = NO;
				MTL_FAST_MATH = YES;
				SDKROOT = iphoneos;
				SWIFT_COMPILATION_MODE = wholemodule;
				SWIFT_OPTIMIZATION_LEVEL = "-O";
				VALIDATE_PRODUCT = YES;
			};
			name = Release;
		};
		623B2EF82224F032008BA35C /* Debug */ = {
			isa = XCBuildConfiguration;
			baseConfigurationReference = E8BDAB314FA2F886A5EA55E3 /* Pods-FEditor.debug.xcconfig */;
			buildSettings = {
				ASSETCATALOG_COMPILER_APPICON_NAME = AppIcon;
				CLANG_ENABLE_MODULES = YES;
				CODE_SIGN_STYLE = Automatic;
				DEVELOPMENT_TEAM = UR6X4CRK5E;
				INFOPLIST_FILE = FEditor/Info.plist;
				IPHONEOS_DEPLOYMENT_TARGET = 12.1;
				LD_RUNPATH_SEARCH_PATHS = (
					"$(inherited)",
					"@executable_path/Frameworks",
				);
				PRODUCT_BUNDLE_IDENTIFIER = com.yizheyun.FEditor;
				PRODUCT_NAME = "$(TARGET_NAME)";
				SWIFT_OBJC_BRIDGING_HEADER = "FEditor/FEditor-Bridging-Header.h";
				SWIFT_OPTIMIZATION_LEVEL = "-Onone";
				SWIFT_VERSION = 4.2;
				TARGETED_DEVICE_FAMILY = 1;
			};
			name = Debug;
		};
		623B2EF92224F032008BA35C /* Release */ = {
			isa = XCBuildConfiguration;
			baseConfigurationReference = D11781B29DF25BF2C8BC2D4F /* Pods-FEditor.release.xcconfig */;
			buildSettings = {
				ASSETCATALOG_COMPILER_APPICON_NAME = AppIcon;
				CLANG_ENABLE_MODULES = YES;
				CODE_SIGN_STYLE = Automatic;
				DEVELOPMENT_TEAM = UR6X4CRK5E;
				INFOPLIST_FILE = FEditor/Info.plist;
				IPHONEOS_DEPLOYMENT_TARGET = 12.1;
				LD_RUNPATH_SEARCH_PATHS = (
					"$(inherited)",
					"@executable_path/Frameworks",
				);
				PRODUCT_BUNDLE_IDENTIFIER = com.yizheyun.FEditor;
				PRODUCT_NAME = "$(TARGET_NAME)";
				SWIFT_OBJC_BRIDGING_HEADER = "FEditor/FEditor-Bridging-Header.h";
				SWIFT_VERSION = 4.2;
				TARGETED_DEVICE_FAMILY = 1;
			};
			name = Release;
		};
/* End XCBuildConfiguration section */

/* Begin XCConfigurationList section */
		623B2EE02224F031008BA35C /* Build configuration list for PBXProject "FEditor" */ = {
			isa = XCConfigurationList;
			buildConfigurations = (
				623B2EF52224F032008BA35C /* Debug */,
				623B2EF62224F032008BA35C /* Release */,
			);
			defaultConfigurationIsVisible = 0;
			defaultConfigurationName = Release;
		};
		623B2EF72224F032008BA35C /* Build configuration list for PBXNativeTarget "FEditor" */ = {
			isa = XCConfigurationList;
			buildConfigurations = (
				623B2EF82224F032008BA35C /* Debug */,
				623B2EF92224F032008BA35C /* Release */,
			);
			defaultConfigurationIsVisible = 0;
			defaultConfigurationName = Release;
		};
/* End XCConfigurationList section */
	};
	rootObject = 623B2EDD2224F031008BA35C /* Project object */;
}
