PODS:
  - Starscream (3.0.6)
  - SwiftyTimer (2.1.0)

DEPENDENCIES:
  - Starscream
  - SwiftyTimer

SPEC REPOS:
  https://github.com/cocoapods/specs.git:
    - Starscream
    - SwiftyTimer

SPEC CHECKSUMS:
  Starscream: ef3ece99d765eeccb67de105bfa143f929026cf5
  SwiftyTimer: 02dd6cf10cbc71cbf67cec494f6e5eb782102543

PODFILE CHECKSUM: fb068113f5db57627dc6e0f28ca50c282f129feb

COCOAPODS: 1.6.0.beta.2
